
Microsoft Visual Studio Solution File, Format Version 12.00
# Visual Studio Version 17
VisualStudioVersion = 17.5.33627.172
MinimumVisualStudioVersion = 10.0.40219.1
Project("{FAE04EC0-301F-11D3-BF4B-00C04F79EFBC}") = "Game", "Game\Game.csproj", "{63E37DA6-F8AF-4873-BB2A-FD113CCF8EC4}"
EndProject
Global
	GlobalSection(SolutionConfigurationPlatforms) = preSolution
		Debug|Any CPU = Debug|Any CPU
		Release|Any CPU = Release|Any CPU
	EndGlobalSection
	GlobalSection(ProjectConfigurationPlatforms) = postSolution
		{63E37DA6-F8AF-4873-BB2A-FD113CCF8EC4}.Debug|Any CPU.ActiveCfg = Debug|Any CPU
		{63E37DA6-F8AF-4873-BB2A-FD113CCF8EC4}.Debug|Any CPU.Build.0 = Debug|Any CPU
		{63E37DA6-F8AF-4873-BB2A-FD113CCF8EC4}.Release|Any CPU.ActiveCfg = Release|Any CPU
		{63E37DA6-F8AF-4873-BB2A-FD113CCF8EC4}.Release|Any CPU.Build.0 = Release|Any CPU
	EndGlobalSection
	GlobalSection(SolutionProperties) = preSolution
		HideSolutionNode = FALSE
	EndGlobalSection
	GlobalSection(ExtensibilityGlobals) = postSolution
		SolutionGuid = {CB5E8F3D-377F-44AB-B58F-401EAEA69A01}
	EndGlobalSection
EndGlobal
